// !$*UTF8*$!
{
	archiveVersion = 1;
	classes = {
	};
	objectVersion = 46;
	objects = {

/* Begin PBXBuildFile section */
		5B9CEC2F0C86C7101BF20E6F /* Pods.framework in Frameworks */ = {isa = PBXBuildFile; fileRef = 6068AE75F1276042CA108068 /* Pods.framework */; settings = {ATTRIBUTES = (Weak, ); }; };
		CDB05E871AE800DA008DA398 /* AppDelegate.swift in Sources */ = {isa = PBXBuildFile; fileRef = CDB05E861AE800DA008DA398 /* AppDelegate.swift */; };
		CDB05E891AE800DA008DA398 /* ViewController.swift in Sources */ = {isa = PBXBuildFile; fileRef = CDB05E881AE800DA008DA398 /* ViewController.swift */; };
		CDB05E8C1AE800DA008DA398 /* Main.storyboard in Resources */ = {isa = PBXBuildFile; fileRef = CDB05E8A1AE800DA008DA398 /* Main.storyboard */; };
		CDB05E8E1AE800DA008DA398 /* Images.xcassets in Resources */ = {isa = PBXBuildFile; fileRef = CDB05E8D1AE800DA008DA398 /* Images.xcassets */; };
		CDB05E911AE800DA008DA398 /* LaunchScreen.xib in Resources */ = {isa = PBXBuildFile; fileRef = CDB05E8F1AE800DA008DA398 /* LaunchScreen.xib */; };
		CDB05E9D1AE800DA008DA398 /* NearspeakKitTests.swift in Sources */ = {isa = PBXBuildFile; fileRef = CDB05E9C1AE800DA008DA398 /* NearspeakKitTests.swift */; };
		CDEC2A9E1AE801B00041ACA7 /* NSKBeaconManager.swift in Sources */ = {isa = PBXBuildFile; fileRef = CDEC2A9D1AE801B00041ACA7 /* NSKBeaconManager.swift */; };
		CDEC2AA71AE801EE0041ACA7 /* DateParser.swift in Sources */ = {isa = PBXBuildFile; fileRef = CDEC2AA01AE801ED0041ACA7 /* DateParser.swift */; };
		CDEC2AA81AE801EE0041ACA7 /* NSKApi.swift in Sources */ = {isa = PBXBuildFile; fileRef = CDEC2AA11AE801ED0041ACA7 /* NSKApi.swift */; };
		CDEC2AA91AE801EE0041ACA7 /* NSKApiParser.swift in Sources */ = {isa = PBXBuildFile; fileRef = CDEC2AA21AE801ED0041ACA7 /* NSKApiParser.swift */; };
		CDEC2AAA1AE801EE0041ACA7 /* NSKApiUtils.swift in Sources */ = {isa = PBXBuildFile; fileRef = CDEC2AA31AE801EE0041ACA7 /* NSKApiUtils.swift */; };
		CDEC2AAB1AE801EE0041ACA7 /* NSKLinkedTag.swift in Sources */ = {isa = PBXBuildFile; fileRef = CDEC2AA41AE801EE0041ACA7 /* NSKLinkedTag.swift */; };
		CDEC2AAC1AE801EE0041ACA7 /* NSKTag.swift in Sources */ = {isa = PBXBuildFile; fileRef = CDEC2AA51AE801EE0041ACA7 /* NSKTag.swift */; };
		CDEC2AAD1AE801EE0041ACA7 /* NSKTagHardware.swift in Sources */ = {isa = PBXBuildFile; fileRef = CDEC2AA61AE801EE0041ACA7 /* NSKTagHardware.swift */; };
		CDEC2AB11AE802940041ACA7 /* TestSettings.plist in Resources */ = {isa = PBXBuildFile; fileRef = CDEC2AB01AE802940041ACA7 /* TestSettings.plist */; };
/* End PBXBuildFile section */

/* Begin PBXContainerItemProxy section */
		CDB05E971AE800DA008DA398 /* PBXContainerItemProxy */ = {
			isa = PBXContainerItemProxy;
			containerPortal = CDB05E791AE800DA008DA398 /* Project object */;
			proxyType = 1;
			remoteGlobalIDString = CDB05E801AE800DA008DA398;
			remoteInfo = NearspeakKit;
		};
/* End PBXContainerItemProxy section */

/* Begin PBXFileReference section */
		6068AE75F1276042CA108068 /* Pods.framework */ = {isa = PBXFileReference; explicitFileType = wrapper.framework; includeInIndex = 0; path = Pods.framework; sourceTree = BUILT_PRODUCTS_DIR; };
		A4EB124D609E558D955342B4 /* Pods.debug.xcconfig */ = {isa = PBXFileReference; includeInIndex = 1; lastKnownFileType = text.xcconfig; name = Pods.debug.xcconfig; path = "Pods/Target Support Files/Pods/Pods.debug.xcconfig"; sourceTree = "<group>"; };
		A6FFB5A45BEE825E85E553CF /* Pods.release.xcconfig */ = {isa = PBXFileReference; includeInIndex = 1; lastKnownFileType = text.xcconfig; name = Pods.release.xcconfig; path = "Pods/Target Support Files/Pods/Pods.release.xcconfig"; sourceTree = "<group>"; };
		CDB05E811AE800DA008DA398 /* NearspeakKit.app */ = {isa = PBXFileReference; explicitFileType = wrapper.application; includeInIndex = 0; path = NearspeakKit.app; sourceTree = BUILT_PRODUCTS_DIR; };
		CDB05E851AE800DA008DA398 /* Info.plist */ = {isa = PBXFileReference; lastKnownFileType = text.plist.xml; path = Info.plist; sourceTree = "<group>"; };
		CDB05E861AE800DA008DA398 /* AppDelegate.swift */ = {isa = PBXFileReference; lastKnownFileType = sourcecode.swift; path = AppDelegate.swift; sourceTree = "<group>"; };
		CDB05E881AE800DA008DA398 /* ViewController.swift */ = {isa = PBXFileReference; lastKnownFileType = sourcecode.swift; path = ViewController.swift; sourceTree = "<group>"; };
		CDB05E8B1AE800DA008DA398 /* Base */ = {isa = PBXFileReference; lastKnownFileType = file.storyboard; name = Base; path = Base.lproj/Main.storyboard; sourceTree = "<group>"; };
		CDB05E8D1AE800DA008DA398 /* Images.xcassets */ = {isa = PBXFileReference; lastKnownFileType = folder.assetcatalog; path = Images.xcassets; sourceTree = "<group>"; };
		CDB05E901AE800DA008DA398 /* Base */ = {isa = PBXFileReference; lastKnownFileType = file.xib; name = Base; path = Base.lproj/LaunchScreen.xib; sourceTree = "<group>"; };
		CDB05E961AE800DA008DA398 /* NearspeakKitTests.xctest */ = {isa = PBXFileReference; explicitFileType = wrapper.cfbundle; includeInIndex = 0; path = NearspeakKitTests.xctest; sourceTree = BUILT_PRODUCTS_DIR; };
		CDB05E9B1AE800DA008DA398 /* Info.plist */ = {isa = PBXFileReference; lastKnownFileType = text.plist.xml; path = Info.plist; sourceTree = "<group>"; };
		CDB05E9C1AE800DA008DA398 /* NearspeakKitTests.swift */ = {isa = PBXFileReference; lastKnownFileType = sourcecode.swift; path = NearspeakKitTests.swift; sourceTree = "<group>"; };
		CDEC2A9D1AE801B00041ACA7 /* NSKBeaconManager.swift */ = {isa = PBXFileReference; fileEncoding = 4; lastKnownFileType = sourcecode.swift; path = NSKBeaconManager.swift; sourceTree = "<group>"; };
		CDEC2AA01AE801ED0041ACA7 /* DateParser.swift */ = {isa = PBXFileReference; fileEncoding = 4; lastKnownFileType = sourcecode.swift; path = DateParser.swift; sourceTree = "<group>"; };
		CDEC2AA11AE801ED0041ACA7 /* NSKApi.swift */ = {isa = PBXFileReference; fileEncoding = 4; lastKnownFileType = sourcecode.swift; path = NSKApi.swift; sourceTree = "<group>"; };
		CDEC2AA21AE801ED0041ACA7 /* NSKApiParser.swift */ = {isa = PBXFileReference; fileEncoding = 4; lastKnownFileType = sourcecode.swift; path = NSKApiParser.swift; sourceTree = "<group>"; };
		CDEC2AA31AE801EE0041ACA7 /* NSKApiUtils.swift */ = {isa = PBXFileReference; fileEncoding = 4; lastKnownFileType = sourcecode.swift; path = NSKApiUtils.swift; sourceTree = "<group>"; };
		CDEC2AA41AE801EE0041ACA7 /* NSKLinkedTag.swift */ = {isa = PBXFileReference; fileEncoding = 4; lastKnownFileType = sourcecode.swift; path = NSKLinkedTag.swift; sourceTree = "<group>"; };
		CDEC2AA51AE801EE0041ACA7 /* NSKTag.swift */ = {isa = PBXFileReference; fileEncoding = 4; lastKnownFileType = sourcecode.swift; path = NSKTag.swift; sourceTree = "<group>"; };
		CDEC2AA61AE801EE0041ACA7 /* NSKTagHardware.swift */ = {isa = PBXFileReference; fileEncoding = 4; lastKnownFileType = sourcecode.swift; path = NSKTagHardware.swift; sourceTree = "<group>"; };
		CDEC2AB01AE802940041ACA7 /* TestSettings.plist */ = {isa = PBXFileReference; fileEncoding = 4; lastKnownFileType = text.plist.xml; path = TestSettings.plist; sourceTree = "<group>"; };
/* End PBXFileReference section */

/* Begin PBXFrameworksBuildPhase section */
		CDB05E7E1AE800DA008DA398 /* Frameworks */ = {
			isa = PBXFrameworksBuildPhase;
			buildActionMask = 2147483647;
			files = (
				5B9CEC2F0C86C7101BF20E6F /* Pods.framework in Frameworks */,
			);
			runOnlyForDeploymentPostprocessing = 0;
		};
		CDB05E931AE800DA008DA398 /* Frameworks */ = {
			isa = PBXFrameworksBuildPhase;
			buildActionMask = 2147483647;
			files = (
			);
			runOnlyForDeploymentPostprocessing = 0;
		};
/* End PBXFrameworksBuildPhase section */

/* Begin PBXGroup section */
		89BF80DA84ED9F3D96E61460 /* Frameworks */ = {
			isa = PBXGroup;
			children = (
				6068AE75F1276042CA108068 /* Pods.framework */,
			);
			name = Frameworks;
			sourceTree = "<group>";
		};
		B5113F3402A220C2A01B04C0 /* Pods */ = {
			isa = PBXGroup;
			children = (
				A4EB124D609E558D955342B4 /* Pods.debug.xcconfig */,
				A6FFB5A45BEE825E85E553CF /* Pods.release.xcconfig */,
			);
			name = Pods;
			sourceTree = "<group>";
		};
		CDB05E781AE800DA008DA398 = {
			isa = PBXGroup;
			children = (
				CDB05E831AE800DA008DA398 /* NearspeakKit */,
				CDB05E991AE800DA008DA398 /* NearspeakKitTests */,
				CDB05E821AE800DA008DA398 /* Products */,
				B5113F3402A220C2A01B04C0 /* Pods */,
				89BF80DA84ED9F3D96E61460 /* Frameworks */,
			);
			sourceTree = "<group>";
		};
		CDB05E821AE800DA008DA398 /* Products */ = {
			isa = PBXGroup;
			children = (
				CDB05E811AE800DA008DA398 /* NearspeakKit.app */,
				CDB05E961AE800DA008DA398 /* NearspeakKitTests.xctest */,
			);
			name = Products;
			sourceTree = "<group>";
		};
		CDB05E831AE800DA008DA398 /* NearspeakKit */ = {
			isa = PBXGroup;
			children = (
				CDEC2A9F1AE801C00041ACA7 /* API */,
				CDEC2A9C1AE801780041ACA7 /* iBeacon */,
				CDB05E861AE800DA008DA398 /* AppDelegate.swift */,
				CDB05E881AE800DA008DA398 /* ViewController.swift */,
				CDB05E8A1AE800DA008DA398 /* Main.storyboard */,
				CDB05E8D1AE800DA008DA398 /* Images.xcassets */,
				CDB05E8F1AE800DA008DA398 /* LaunchScreen.xib */,
				CDB05E841AE800DA008DA398 /* Supporting Files */,
			);
			path = NearspeakKit;
			sourceTree = "<group>";
		};
		CDB05E841AE800DA008DA398 /* Supporting Files */ = {
			isa = PBXGroup;
			children = (
				CDB05E851AE800DA008DA398 /* Info.plist */,
			);
			name = "Supporting Files";
			sourceTree = "<group>";
		};
		CDB05E991AE800DA008DA398 /* NearspeakKitTests */ = {
			isa = PBXGroup;
			children = (
				CDB05E9C1AE800DA008DA398 /* NearspeakKitTests.swift */,
				CDB05E9A1AE800DA008DA398 /* Supporting Files */,
			);
			path = NearspeakKitTests;
			sourceTree = "<group>";
		};
		CDB05E9A1AE800DA008DA398 /* Supporting Files */ = {
			isa = PBXGroup;
			children = (
				CDEC2AB01AE802940041ACA7 /* TestSettings.plist */,
				CDB05E9B1AE800DA008DA398 /* Info.plist */,
			);
			name = "Supporting Files";
			sourceTree = "<group>";
		};
		CDEC2A9C1AE801780041ACA7 /* iBeacon */ = {
			isa = PBXGroup;
			children = (
				CDEC2A9D1AE801B00041ACA7 /* NSKBeaconManager.swift */,
			);
			name = iBeacon;
			sourceTree = "<group>";
		};
		CDEC2A9F1AE801C00041ACA7 /* API */ = {
			isa = PBXGroup;
			children = (
				CDEC2AA01AE801ED0041ACA7 /* DateParser.swift */,
				CDEC2AA11AE801ED0041ACA7 /* NSKApi.swift */,
				CDEC2AA21AE801ED0041ACA7 /* NSKApiParser.swift */,
				CDEC2AA31AE801EE0041ACA7 /* NSKApiUtils.swift */,
				CDEC2AA41AE801EE0041ACA7 /* NSKLinkedTag.swift */,
				CDEC2AA51AE801EE0041ACA7 /* NSKTag.swift */,
				CDEC2AA61AE801EE0041ACA7 /* NSKTagHardware.swift */,
			);
			name = API;
			sourceTree = "<group>";
		};
/* End PBXGroup section */

/* Begin PBXNativeTarget section */
		CDB05E801AE800DA008DA398 /* NearspeakKit */ = {
			isa = PBXNativeTarget;
			buildConfigurationList = CDB05EA01AE800DA008DA398 /* Build configuration list for PBXNativeTarget "NearspeakKit" */;
			buildPhases = (
				9DC4C406F8B8754F813B6299 /* Check Pods Manifest.lock */,
				CDB05E7D1AE800DA008DA398 /* Sources */,
				CDB05E7E1AE800DA008DA398 /* Frameworks */,
				CDB05E7F1AE800DA008DA398 /* Resources */,
				FECED1CCB5D7B7986CE5FA54 /* Embed Pods Frameworks */,
				4D781F906A50ED7B6C809C0E /* Copy Pods Resources */,
			);
			buildRules = (
			);
			dependencies = (
			);
			name = NearspeakKit;
			productName = NearspeakKit;
			productReference = CDB05E811AE800DA008DA398 /* NearspeakKit.app */;
			productType = "com.apple.product-type.application";
		};
		CDB05E951AE800DA008DA398 /* NearspeakKitTests */ = {
			isa = PBXNativeTarget;
			buildConfigurationList = CDB05EA31AE800DA008DA398 /* Build configuration list for PBXNativeTarget "NearspeakKitTests" */;
			buildPhases = (
				CDB05E921AE800DA008DA398 /* Sources */,
				CDB05E931AE800DA008DA398 /* Frameworks */,
				CDB05E941AE800DA008DA398 /* Resources */,
			);
			buildRules = (
			);
			dependencies = (
				CDB05E981AE800DA008DA398 /* PBXTargetDependency */,
			);
			name = NearspeakKitTests;
			productName = NearspeakKitTests;
			productReference = CDB05E961AE800DA008DA398 /* NearspeakKitTests.xctest */;
			productType = "com.apple.product-type.bundle.unit-test";
		};
/* End PBXNativeTarget section */

/* Begin PBXProject section */
		CDB05E791AE800DA008DA398 /* Project object */ = {
			isa = PBXProject;
			attributes = {
				LastUpgradeCheck = 0630;
				ORGANIZATIONNAME = Mopius;
				TargetAttributes = {
					CDB05E801AE800DA008DA398 = {
						CreatedOnToolsVersion = 6.3.1;
					};
					CDB05E951AE800DA008DA398 = {
						CreatedOnToolsVersion = 6.3.1;
						TestTargetID = CDB05E801AE800DA008DA398;
					};
				};
			};
			buildConfigurationList = CDB05E7C1AE800DA008DA398 /* Build configuration list for PBXProject "NearspeakKit" */;
			compatibilityVersion = "Xcode 3.2";
			developmentRegion = English;
			hasScannedForEncodings = 0;
			knownRegions = (
				en,
				Base,
			);
			mainGroup = CDB05E781AE800DA008DA398;
			productRefGroup = CDB05E821AE800DA008DA398 /* Products */;
			projectDirPath = "";
			projectRoot = "";
			targets = (
				CDB05E801AE800DA008DA398 /* NearspeakKit */,
				CDB05E951AE800DA008DA398 /* NearspeakKitTests */,
			);
		};
/* End PBXProject section */

/* Begin PBXResourcesBuildPhase section */
		CDB05E7F1AE800DA008DA398 /* Resources */ = {
			isa = PBXResourcesBuildPhase;
			buildActionMask = 2147483647;
			files = (
				CDB05E8C1AE800DA008DA398 /* Main.storyboard in Resources */,
				CDB05E911AE800DA008DA398 /* LaunchScreen.xib in Resources */,
				CDB05E8E1AE800DA008DA398 /* Images.xcassets in Resources */,
			);
			runOnlyForDeploymentPostprocessing = 0;
		};
		CDB05E941AE800DA008DA398 /* Resources */ = {
			isa = PBXResourcesBuildPhase;
			buildActionMask = 2147483647;
			files = (
				CDEC2AB11AE802940041ACA7 /* TestSettings.plist in Resources */,
			);
			runOnlyForDeploymentPostprocessing = 0;
		};
/* End PBXResourcesBuildPhase section */

/* Begin PBXShellScriptBuildPhase section */
		4D781F906A50ED7B6C809C0E /* Copy Pods Resources */ = {
			isa = PBXShellScriptBuildPhase;
			buildActionMask = 2147483647;
			files = (
			);
			inputPaths = (
			);
			name = "Copy Pods Resources";
			outputPaths = (
			);
			runOnlyForDeploymentPostprocessing = 0;
			shellPath = /bin/sh;
			shellScript = "\"${SRCROOT}/Pods/Target Support Files/Pods/Pods-resources.sh\"\n";
			showEnvVarsInLog = 0;
		};
		9DC4C406F8B8754F813B6299 /* Check Pods Manifest.lock */ = {
			isa = PBXShellScriptBuildPhase;
			buildActionMask = 2147483647;
			files = (
			);
			inputPaths = (
			);
			name = "Check Pods Manifest.lock";
			outputPaths = (
			);
			runOnlyForDeploymentPostprocessing = 0;
			shellPath = /bin/sh;
			shellScript = "diff \"${PODS_ROOT}/../Podfile.lock\" \"${PODS_ROOT}/Manifest.lock\" > /dev/null\nif [[ $? != 0 ]] ; then\n    cat << EOM\nerror: The sandbox is not in sync with the Podfile.lock. Run 'pod install' or update your CocoaPods installation.\nEOM\n    exit 1\nfi\n";
			showEnvVarsInLog = 0;
		};
		FECED1CCB5D7B7986CE5FA54 /* Embed Pods Frameworks */ = {
			isa = PBXShellScriptBuildPhase;
			buildActionMask = 2147483647;
			files = (
			);
			inputPaths = (
			);
			name = "Embed Pods Frameworks";
			outputPaths = (
			);
			runOnlyForDeploymentPostprocessing = 0;
			shellPath = /bin/sh;
			shellScript = "\"${SRCROOT}/Pods/Target Support Files/Pods/Pods-frameworks.sh\"\n";
			showEnvVarsInLog = 0;
		};
/* End PBXShellScriptBuildPhase section */

/* Begin PBXSourcesBuildPhase section */
		CDB05E7D1AE800DA008DA398 /* Sources */ = {
			isa = PBXSourcesBuildPhase;
			buildActionMask = 2147483647;
			files = (
				CDEC2AA91AE801EE0041ACA7 /* NSKApiParser.swift in Sources */,
				CDB05E891AE800DA008DA398 /* ViewController.swift in Sources */,
				CDB05E871AE800DA008DA398 /* AppDelegate.swift in Sources */,
				CDEC2AA81AE801EE0041ACA7 /* NSKApi.swift in Sources */,
				CDEC2AAB1AE801EE0041ACA7 /* NSKLinkedTag.swift in Sources */,
				CDEC2AAD1AE801EE0041ACA7 /* NSKTagHardware.swift in Sources */,
				CDEC2AA71AE801EE0041ACA7 /* DateParser.swift in Sources */,
				CDEC2A9E1AE801B00041ACA7 /* NSKBeaconManager.swift in Sources */,
				CDEC2AAA1AE801EE0041ACA7 /* NSKApiUtils.swift in Sources */,
				CDEC2AAC1AE801EE0041ACA7 /* NSKTag.swift in Sources */,
			);
			runOnlyForDeploymentPostprocessing = 0;
		};
		CDB05E921AE800DA008DA398 /* Sources */ = {
			isa = PBXSourcesBuildPhase;
			buildActionMask = 2147483647;
			files = (
				CDB05E9D1AE800DA008DA398 /* NearspeakKitTests.swift in Sources */,
			);
			runOnlyForDeploymentPostprocessing = 0;
		};
/* End PBXSourcesBuildPhase section */

/* Begin PBXTargetDependency section */
		CDB05E981AE800DA008DA398 /* PBXTargetDependency */ = {
			isa = PBXTargetDependency;
			target = CDB05E801AE800DA008DA398 /* NearspeakKit */;
			targetProxy = CDB05E971AE800DA008DA398 /* PBXContainerItemProxy */;
		};
/* End PBXTargetDependency section */

/* Begin PBXVariantGroup section */
		CDB05E8A1AE800DA008DA398 /* Main.storyboard */ = {
			isa = PBXVariantGroup;
			children = (
				CDB05E8B1AE800DA008DA398 /* Base */,
			);
			name = Main.storyboard;
			sourceTree = "<group>";
		};
		CDB05E8F1AE800DA008DA398 /* LaunchScreen.xib */ = {
			isa = PBXVariantGroup;
			children = (
				CDB05E901AE800DA008DA398 /* Base */,
			);
			name = LaunchScreen.xib;
			sourceTree = "<group>";
		};
/* End PBXVariantGroup section */

/* Begin XCBuildConfiguration section */
		CDB05E9E1AE800DA008DA398 /* Debug */ = {
			isa = XCBuildConfiguration;
			buildSettings = {
				ALWAYS_SEARCH_USER_PATHS = NO;
				CLANG_CXX_LANGUAGE_STANDARD = "gnu++0x";
				CLANG_CXX_LIBRARY = "libc++";
				CLANG_ENABLE_MODULES = YES;
				CLANG_ENABLE_OBJC_ARC = YES;
				CLANG_WARN_BOOL_CONVERSION = YES;
				CLANG_WARN_CONSTANT_CONVERSION = YES;
				CLANG_WARN_DIRECT_OBJC_ISA_USAGE = YES_ERROR;
				CLANG_WARN_EMPTY_BODY = YES;
				CLANG_WARN_ENUM_CONVERSION = YES;
				CLANG_WARN_INT_CONVERSION = YES;
				CLANG_WARN_OBJC_ROOT_CLASS = YES_ERROR;
				CLANG_WARN_UNREACHABLE_CODE = YES;
				CLANG_WARN__DUPLICATE_METHOD_MATCH = YES;
				"CODE_SIGN_IDENTITY[sdk=iphoneos*]" = "iPhone Developer";
				COPY_PHASE_STRIP = NO;
				DEBUG_INFORMATION_FORMAT = "dwarf-with-dsym";
				ENABLE_STRICT_OBJC_MSGSEND = YES;
				GCC_C_LANGUAGE_STANDARD = gnu99;
				GCC_DYNAMIC_NO_PIC = NO;
				GCC_NO_COMMON_BLOCKS = YES;
				GCC_OPTIMIZATION_LEVEL = 0;
				GCC_PREPROCESSOR_DEFINITIONS = (
					"DEBUG=1",
					"$(inherited)",
				);
				GCC_SYMBOLS_PRIVATE_EXTERN = NO;
				GCC_WARN_64_TO_32_BIT_CONVERSION = YES;
				GCC_WARN_ABOUT_RETURN_TYPE = YES_ERROR;
				GCC_WARN_UNDECLARED_SELECTOR = YES;
				GCC_WARN_UNINITIALIZED_AUTOS = YES_AGGRESSIVE;
				GCC_WARN_UNUSED_FUNCTION = YES;
				GCC_WARN_UNUSED_VARIABLE = YES;
				IPHONEOS_DEPLOYMENT_TARGET = 8.3;
				MTL_ENABLE_DEBUG_INFO = YES;
				ONLY_ACTIVE_ARCH = YES;
				SDKROOT = iphoneos;
				SWIFT_OPTIMIZATION_LEVEL = "-Onone";
				TARGETED_DEVICE_FAMILY = "1,2";
			};
			name = Debug;
		};
		CDB05E9F1AE800DA008DA398 /* Release */ = {
			isa = XCBuildConfiguration;
			buildSettings = {
				ALWAYS_SEARCH_USER_PATHS = NO;
				CLANG_CXX_LANGUAGE_STANDARD = "gnu++0x";
				CLANG_CXX_LIBRARY = "libc++";
				CLANG_ENABLE_MODULES = YES;
				CLANG_ENABLE_OBJC_ARC = YES;
				CLANG_WARN_BOOL_CONVERSION = YES;
				CLANG_WARN_CONSTANT_CONVERSION = YES;
				CLANG_WARN_DIRECT_OBJC_ISA_USAGE = YES_ERROR;
				CLANG_WARN_EMPTY_BODY = YES;
				CLANG_WARN_ENUM_CONVERSION = YES;
				CLANG_WARN_INT_CONVERSION = YES;
				CLANG_WARN_OBJC_ROOT_CLASS = YES_ERROR;
				CLANG_WARN_UNREACHABLE_CODE = YES;
				CLANG_WARN__DUPLICATE_METHOD_MATCH = YES;
				"CODE_SIGN_IDENTITY[sdk=iphoneos*]" = "iPhone Developer";
				COPY_PHASE_STRIP = NO;
				DEBUG_INFORMATION_FORMAT = "dwarf-with-dsym";
				ENABLE_NS_ASSERTIONS = NO;
				ENABLE_STRICT_OBJC_MSGSEND = YES;
				GCC_C_LANGUAGE_STANDARD = gnu99;
				GCC_NO_COMMON_BLOCKS = YES;
				GCC_WARN_64_TO_32_BIT_CONVERSION = YES;
				GCC_WARN_ABOUT_RETURN_TYPE = YES_ERROR;
				GCC_WARN_UNDECLARED_SELECTOR = YES;
				GCC_WARN_UNINITIALIZED_AUTOS = YES_AGGRESSIVE;
				GCC_WARN_UNUSED_FUNCTION = YES;
				GCC_WARN_UNUSED_VARIABLE = YES;
				IPHONEOS_DEPLOYMENT_TARGET = 8.3;
				MTL_ENABLE_DEBUG_INFO = NO;
				SDKROOT = iphoneos;
				TARGETED_DEVICE_FAMILY = "1,2";
				VALIDATE_PRODUCT = YES;
			};
			name = Release;
		};
		CDB05EA11AE800DA008DA398 /* Debug */ = {
			isa = XCBuildConfiguration;
			baseConfigurationReference = A4EB124D609E558D955342B4 /* Pods.debug.xcconfig */;
			buildSettings = {
				ASSETCATALOG_COMPILER_APPICON_NAME = AppIcon;
				INFOPLIST_FILE = NearspeakKit/Info.plist;
				LD_RUNPATH_SEARCH_PATHS = "$(inherited) @executable_path/Frameworks";
				PRODUCT_NAME = "$(TARGET_NAME)";
			};
			name = Debug;
		};
		CDB05EA21AE800DA008DA398 /* Release */ = {
			isa = XCBuildConfiguration;
			baseConfigurationReference = A6FFB5A45BEE825E85E553CF /* Pods.release.xcconfig */;
			buildSettings = {
				ASSETCATALOG_COMPILER_APPICON_NAME = AppIcon;
				INFOPLIST_FILE = NearspeakKit/Info.plist;
				LD_RUNPATH_SEARCH_PATHS = "$(inherited) @executable_path/Frameworks";
				PRODUCT_NAME = "$(TARGET_NAME)";
			};
			name = Release;
		};
		CDB05EA41AE800DA008DA398 /* Debug */ = {
			isa = XCBuildConfiguration;
			buildSettings = {
				BUNDLE_LOADER = "$(TEST_HOST)";
				FRAMEWORK_SEARCH_PATHS = (
					"$(SDKROOT)/Developer/Library/Frameworks",
					"$(inherited)",
				);
				GCC_PREPROCESSOR_DEFINITIONS = (
					"DEBUG=1",
					"$(inherited)",
				);
				INFOPLIST_FILE = NearspeakKitTests/Info.plist;
				LD_RUNPATH_SEARCH_PATHS = "$(inherited) @executable_path/Frameworks @loader_path/Frameworks";
				PRODUCT_NAME = "$(TARGET_NAME)";
				TEST_HOST = "$(BUILT_PRODUCTS_DIR)/NearspeakKit.app/NearspeakKit";
			};
			name = Debug;
		};
		CDB05EA51AE800DA008DA398 /* Release */ = {
			isa = XCBuildConfiguration;
			buildSettings = {
				BUNDLE_LOADER = "$(TEST_HOST)";
				FRAMEWORK_SEARCH_PATHS = (
					"$(SDKROOT)/Developer/Library/Frameworks",
					"$(inherited)",
				);
				INFOPLIST_FILE = NearspeakKitTests/Info.plist;
				LD_RUNPATH_SEARCH_PATHS = "$(inherited) @executable_path/Frameworks @loader_path/Frameworks";
				PRODUCT_NAME = "$(TARGET_NAME)";
				TEST_HOST = "$(BUILT_PRODUCTS_DIR)/NearspeakKit.app/NearspeakKit";
			};
			name = Release;
		};
/* End XCBuildConfiguration section */

/* Begin XCConfigurationList section */
		CDB05E7C1AE800DA008DA398 /* Build configuration list for PBXProject "NearspeakKit" */ = {
			isa = XCConfigurationList;
			buildConfigurations = (
				CDB05E9E1AE800DA008DA398 /* Debug */,
				CDB05E9F1AE800DA008DA398 /* Release */,
			);
			defaultConfigurationIsVisible = 0;
			defaultConfigurationName = Release;
		};
		CDB05EA01AE800DA008DA398 /* Build configuration list for PBXNativeTarget "NearspeakKit" */ = {
			isa = XCConfigurationList;
			buildConfigurations = (
				CDB05EA11AE800DA008DA398 /* Debug */,
				CDB05EA21AE800DA008DA398 /* Release */,
			);
			defaultConfigurationIsVisible = 0;
			defaultConfigurationName = Release;
		};
		CDB05EA31AE800DA008DA398 /* Build configuration list for PBXNativeTarget "NearspeakKitTests" */ = {
			isa = XCConfigurationList;
			buildConfigurations = (
				CDB05EA41AE800DA008DA398 /* Debug */,
				CDB05EA51AE800DA008DA398 /* Release */,
			);
			defaultConfigurationIsVisible = 0;
			defaultConfigurationName = Release;
		};
/* End XCConfigurationList section */
	};
	rootObject = CDB05E791AE800DA008DA398 /* Project object */;
}
