// !$*UTF8*$!
{
	archiveVersion = 1;
	classes = {
	};
	objectVersion = 46;
	objects = {

/* Begin PBXBuildFile section */
		CD4CFE101AE8CF5D00328C95 /* DateParser.swift in Sources */ = {isa = PBXBuildFile; fileRef = CDEC2AA01AE801ED0041ACA7 /* DateParser.swift */; };
		CD4CFE111AE8CF5D00328C95 /* NSKApi.swift in Sources */ = {isa = PBXBuildFile; fileRef = CDEC2AA11AE801ED0041ACA7 /* NSKApi.swift */; };
		CD4CFE121AE8CF5D00328C95 /* NSKApiParser.swift in Sources */ = {isa = PBXBuildFile; fileRef = CDEC2AA21AE801ED0041ACA7 /* NSKApiParser.swift */; };
		CD4CFE131AE8CF5D00328C95 /* NSKApiUtils.swift in Sources */ = {isa = PBXBuildFile; fileRef = CDEC2AA31AE801EE0041ACA7 /* NSKApiUtils.swift */; };
		CD4CFE141AE8CF5D00328C95 /* NSKLinkedTag.swift in Sources */ = {isa = PBXBuildFile; fileRef = CDEC2AA41AE801EE0041ACA7 /* NSKLinkedTag.swift */; };
		CD4CFE151AE8CF5D00328C95 /* NSKTag.swift in Sources */ = {isa = PBXBuildFile; fileRef = CDEC2AA51AE801EE0041ACA7 /* NSKTag.swift */; };
		CD4CFE161AE8CF5D00328C95 /* NSKTagHardware.swift in Sources */ = {isa = PBXBuildFile; fileRef = CDEC2AA61AE801EE0041ACA7 /* NSKTagHardware.swift */; };
		CD4CFE171AE8CF6100328C95 /* NSKBeaconManager.swift in Sources */ = {isa = PBXBuildFile; fileRef = CDEC2A9D1AE801B00041ACA7 /* NSKBeaconManager.swift */; };
		CDCB0BA61AE8C6C70006906E /* AppDelegate.swift in Sources */ = {isa = PBXBuildFile; fileRef = CDCB0BA51AE8C6C70006906E /* AppDelegate.swift */; };
		CDCB0BA81AE8C6C70006906E /* ViewController.swift in Sources */ = {isa = PBXBuildFile; fileRef = CDCB0BA71AE8C6C70006906E /* ViewController.swift */; };
		CDCB0BAB1AE8C6C70006906E /* Main.storyboard in Resources */ = {isa = PBXBuildFile; fileRef = CDCB0BA91AE8C6C70006906E /* Main.storyboard */; };
		CDCB0BAD1AE8C6C70006906E /* Images.xcassets in Resources */ = {isa = PBXBuildFile; fileRef = CDCB0BAC1AE8C6C70006906E /* Images.xcassets */; };
		CDCB0BB01AE8C6C70006906E /* LaunchScreen.xib in Resources */ = {isa = PBXBuildFile; fileRef = CDCB0BAE1AE8C6C70006906E /* LaunchScreen.xib */; };
		CDCB0BCD1AE8C77E0006906E /* NearspeakKit.h in Headers */ = {isa = PBXBuildFile; fileRef = CDCB0BCC1AE8C77E0006906E /* NearspeakKit.h */; settings = {ATTRIBUTES = (Public, ); }; };
		CDCB0BD31AE8C77E0006906E /* NearspeakKit.framework in Frameworks */ = {isa = PBXBuildFile; fileRef = CDCB0BC81AE8C77E0006906E /* NearspeakKit.framework */; };
		CDCB0BDA1AE8C77E0006906E /* NearspeakKitTests.swift in Sources */ = {isa = PBXBuildFile; fileRef = CDCB0BD91AE8C77E0006906E /* NearspeakKitTests.swift */; };
		CDCB0BE11AE8C8EA0006906E /* NearspeakKit.framework in Frameworks */ = {isa = PBXBuildFile; fileRef = CDCB0BC81AE8C77E0006906E /* NearspeakKit.framework */; };
		CDCB0BE31AE8C94D0006906E /* Pods.framework in Frameworks */ = {isa = PBXBuildFile; fileRef = CDCB0BE21AE8C94D0006906E /* Pods.framework */; };
/* End PBXBuildFile section */

/* Begin PBXContainerItemProxy section */
		CDCB0BD41AE8C77E0006906E /* PBXContainerItemProxy */ = {
			isa = PBXContainerItemProxy;
			containerPortal = CDB05E791AE800DA008DA398 /* Project object */;
			proxyType = 1;
			remoteGlobalIDString = CDCB0BC71AE8C77E0006906E;
			remoteInfo = NearspeakKit;
		};
/* End PBXContainerItemProxy section */

/* Begin PBXFileReference section */
		6068AE75F1276042CA108068 /* Pods.framework */ = {isa = PBXFileReference; explicitFileType = wrapper.framework; includeInIndex = 0; path = Pods.framework; sourceTree = BUILT_PRODUCTS_DIR; };
		A4EB124D609E558D955342B4 /* Pods.debug.xcconfig */ = {isa = PBXFileReference; includeInIndex = 1; lastKnownFileType = text.xcconfig; name = Pods.debug.xcconfig; path = "Pods/Target Support Files/Pods/Pods.debug.xcconfig"; sourceTree = "<group>"; };
		A6FFB5A45BEE825E85E553CF /* Pods.release.xcconfig */ = {isa = PBXFileReference; includeInIndex = 1; lastKnownFileType = text.xcconfig; name = Pods.release.xcconfig; path = "Pods/Target Support Files/Pods/Pods.release.xcconfig"; sourceTree = "<group>"; };
		CD4CFE181AE8CFDB00328C95 /* SwiftyJSON.framework */ = {isa = PBXFileReference; lastKnownFileType = wrapper.framework; name = SwiftyJSON.framework; path = "Pods/../build/Debug-iphoneos/Pods/SwiftyJSON.framework"; sourceTree = "<group>"; };
		CDB05E9B1AE800DA008DA398 /* Info.plist */ = {isa = PBXFileReference; lastKnownFileType = text.plist.xml; path = Info.plist; sourceTree = "<group>"; };
		CDB05E9C1AE800DA008DA398 /* NearspeakKitTests.swift */ = {isa = PBXFileReference; lastKnownFileType = sourcecode.swift; path = NearspeakKitTests.swift; sourceTree = "<group>"; };
		CDCB0BA11AE8C6C70006906E /* NearspeakDemo.app */ = {isa = PBXFileReference; explicitFileType = wrapper.application; includeInIndex = 0; path = NearspeakDemo.app; sourceTree = BUILT_PRODUCTS_DIR; };
		CDCB0BA41AE8C6C70006906E /* Info.plist */ = {isa = PBXFileReference; lastKnownFileType = text.plist.xml; path = Info.plist; sourceTree = "<group>"; };
		CDCB0BA51AE8C6C70006906E /* AppDelegate.swift */ = {isa = PBXFileReference; lastKnownFileType = sourcecode.swift; path = AppDelegate.swift; sourceTree = "<group>"; };
		CDCB0BA71AE8C6C70006906E /* ViewController.swift */ = {isa = PBXFileReference; lastKnownFileType = sourcecode.swift; path = ViewController.swift; sourceTree = "<group>"; };
		CDCB0BAA1AE8C6C70006906E /* Base */ = {isa = PBXFileReference; lastKnownFileType = file.storyboard; name = Base; path = Base.lproj/Main.storyboard; sourceTree = "<group>"; };
		CDCB0BAC1AE8C6C70006906E /* Images.xcassets */ = {isa = PBXFileReference; lastKnownFileType = folder.assetcatalog; path = Images.xcassets; sourceTree = "<group>"; };
		CDCB0BAF1AE8C6C70006906E /* Base */ = {isa = PBXFileReference; lastKnownFileType = file.xib; name = Base; path = Base.lproj/LaunchScreen.xib; sourceTree = "<group>"; };
		CDCB0BC81AE8C77E0006906E /* NearspeakKit.framework */ = {isa = PBXFileReference; explicitFileType = wrapper.framework; includeInIndex = 0; path = NearspeakKit.framework; sourceTree = BUILT_PRODUCTS_DIR; };
		CDCB0BCB1AE8C77E0006906E /* Info.plist */ = {isa = PBXFileReference; lastKnownFileType = text.plist.xml; path = Info.plist; sourceTree = "<group>"; };
		CDCB0BCC1AE8C77E0006906E /* NearspeakKit.h */ = {isa = PBXFileReference; lastKnownFileType = sourcecode.c.h; path = NearspeakKit.h; sourceTree = "<group>"; };
		CDCB0BD21AE8C77E0006906E /* NearspeakKitTests.xctest */ = {isa = PBXFileReference; explicitFileType = wrapper.cfbundle; includeInIndex = 0; path = NearspeakKitTests.xctest; sourceTree = BUILT_PRODUCTS_DIR; };
		CDCB0BD81AE8C77E0006906E /* Info.plist */ = {isa = PBXFileReference; lastKnownFileType = text.plist.xml; path = Info.plist; sourceTree = "<group>"; };
		CDCB0BD91AE8C77E0006906E /* NearspeakKitTests.swift */ = {isa = PBXFileReference; lastKnownFileType = sourcecode.swift; path = NearspeakKitTests.swift; sourceTree = "<group>"; };
		CDCB0BE21AE8C94D0006906E /* Pods.framework */ = {isa = PBXFileReference; lastKnownFileType = wrapper.framework; name = Pods.framework; path = "Pods/../build/Debug-iphoneos/Pods.framework"; sourceTree = "<group>"; };
		CDEC2A9D1AE801B00041ACA7 /* NSKBeaconManager.swift */ = {isa = PBXFileReference; fileEncoding = 4; lastKnownFileType = sourcecode.swift; path = NSKBeaconManager.swift; sourceTree = "<group>"; };
		CDEC2AA01AE801ED0041ACA7 /* DateParser.swift */ = {isa = PBXFileReference; fileEncoding = 4; lastKnownFileType = sourcecode.swift; path = DateParser.swift; sourceTree = "<group>"; };
		CDEC2AA11AE801ED0041ACA7 /* NSKApi.swift */ = {isa = PBXFileReference; fileEncoding = 4; lastKnownFileType = sourcecode.swift; path = NSKApi.swift; sourceTree = "<group>"; };
		CDEC2AA21AE801ED0041ACA7 /* NSKApiParser.swift */ = {isa = PBXFileReference; fileEncoding = 4; lastKnownFileType = sourcecode.swift; path = NSKApiParser.swift; sourceTree = "<group>"; };
		CDEC2AA31AE801EE0041ACA7 /* NSKApiUtils.swift */ = {isa = PBXFileReference; fileEncoding = 4; lastKnownFileType = sourcecode.swift; path = NSKApiUtils.swift; sourceTree = "<group>"; };
		CDEC2AA41AE801EE0041ACA7 /* NSKLinkedTag.swift */ = {isa = PBXFileReference; fileEncoding = 4; lastKnownFileType = sourcecode.swift; path = NSKLinkedTag.swift; sourceTree = "<group>"; };
		CDEC2AA51AE801EE0041ACA7 /* NSKTag.swift */ = {isa = PBXFileReference; fileEncoding = 4; lastKnownFileType = sourcecode.swift; path = NSKTag.swift; sourceTree = "<group>"; };
		CDEC2AA61AE801EE0041ACA7 /* NSKTagHardware.swift */ = {isa = PBXFileReference; fileEncoding = 4; lastKnownFileType = sourcecode.swift; path = NSKTagHardware.swift; sourceTree = "<group>"; };
		CDEC2AB01AE802940041ACA7 /* TestSettings.plist */ = {isa = PBXFileReference; fileEncoding = 4; lastKnownFileType = text.plist.xml; path = TestSettings.plist; sourceTree = "<group>"; };
/* End PBXFileReference section */

/* Begin PBXFrameworksBuildPhase section */
		CDCB0B9E1AE8C6C70006906E /* Frameworks */ = {
			isa = PBXFrameworksBuildPhase;
			buildActionMask = 2147483647;
			files = (
				CDCB0BE11AE8C8EA0006906E /* NearspeakKit.framework in Frameworks */,
			);
			runOnlyForDeploymentPostprocessing = 0;
		};
		CDCB0BC41AE8C77E0006906E /* Frameworks */ = {
			isa = PBXFrameworksBuildPhase;
			buildActionMask = 2147483647;
			files = (
				CDCB0BE31AE8C94D0006906E /* Pods.framework in Frameworks */,
			);
			runOnlyForDeploymentPostprocessing = 0;
		};
		CDCB0BCF1AE8C77E0006906E /* Frameworks */ = {
			isa = PBXFrameworksBuildPhase;
			buildActionMask = 2147483647;
			files = (
				CDCB0BD31AE8C77E0006906E /* NearspeakKit.framework in Frameworks */,
			);
			runOnlyForDeploymentPostprocessing = 0;
		};
/* End PBXFrameworksBuildPhase section */

/* Begin PBXGroup section */
		89BF80DA84ED9F3D96E61460 /* Frameworks */ = {
			isa = PBXGroup;
			children = (
				CD4CFE181AE8CFDB00328C95 /* SwiftyJSON.framework */,
				CDCB0BE21AE8C94D0006906E /* Pods.framework */,
				6068AE75F1276042CA108068 /* Pods.framework */,
			);
			name = Frameworks;
			sourceTree = "<group>";
		};
		B5113F3402A220C2A01B04C0 /* Pods */ = {
			isa = PBXGroup;
			children = (
				A4EB124D609E558D955342B4 /* Pods.debug.xcconfig */,
				A6FFB5A45BEE825E85E553CF /* Pods.release.xcconfig */,
			);
			name = Pods;
			sourceTree = "<group>";
		};
		CDB05E781AE800DA008DA398 = {
			isa = PBXGroup;
			children = (
				CDCB0BC91AE8C77E0006906E /* NearspeakKit */,
				CDB05E991AE800DA008DA398 /* NearspeakKitTests */,
				CDCB0BA21AE8C6C70006906E /* NearspeakDemo */,
				CDCB0BD61AE8C77E0006906E /* NearspeakKitTests */,
				CDB05E821AE800DA008DA398 /* Products */,
				B5113F3402A220C2A01B04C0 /* Pods */,
				89BF80DA84ED9F3D96E61460 /* Frameworks */,
			);
			sourceTree = "<group>";
		};
		CDB05E821AE800DA008DA398 /* Products */ = {
			isa = PBXGroup;
			children = (
				CDCB0BA11AE8C6C70006906E /* NearspeakDemo.app */,
				CDCB0BC81AE8C77E0006906E /* NearspeakKit.framework */,
				CDCB0BD21AE8C77E0006906E /* NearspeakKitTests.xctest */,
			);
			name = Products;
			sourceTree = "<group>";
		};
		CDB05E991AE800DA008DA398 /* NearspeakKitTests */ = {
			isa = PBXGroup;
			children = (
				CDB05E9C1AE800DA008DA398 /* NearspeakKitTests.swift */,
				CDB05E9A1AE800DA008DA398 /* Supporting Files */,
			);
			path = NearspeakKitTests;
			sourceTree = "<group>";
		};
		CDB05E9A1AE800DA008DA398 /* Supporting Files */ = {
			isa = PBXGroup;
			children = (
				CDEC2AB01AE802940041ACA7 /* TestSettings.plist */,
				CDB05E9B1AE800DA008DA398 /* Info.plist */,
			);
			name = "Supporting Files";
			sourceTree = "<group>";
		};
		CDCB0BA21AE8C6C70006906E /* NearspeakDemo */ = {
			isa = PBXGroup;
			children = (
				CDCB0BA51AE8C6C70006906E /* AppDelegate.swift */,
				CDCB0BA71AE8C6C70006906E /* ViewController.swift */,
				CDCB0BA91AE8C6C70006906E /* Main.storyboard */,
				CDCB0BAC1AE8C6C70006906E /* Images.xcassets */,
				CDCB0BAE1AE8C6C70006906E /* LaunchScreen.xib */,
				CDCB0BA31AE8C6C70006906E /* Supporting Files */,
			);
			path = NearspeakDemo;
			sourceTree = "<group>";
		};
		CDCB0BA31AE8C6C70006906E /* Supporting Files */ = {
			isa = PBXGroup;
			children = (
				CDCB0BA41AE8C6C70006906E /* Info.plist */,
			);
			name = "Supporting Files";
			sourceTree = "<group>";
		};
		CDCB0BC91AE8C77E0006906E /* NearspeakKit */ = {
			isa = PBXGroup;
			children = (
				CDEC2A9F1AE801C00041ACA7 /* API */,
				CDEC2A9C1AE801780041ACA7 /* iBeacon */,
				CDCB0BCC1AE8C77E0006906E /* NearspeakKit.h */,
				CDCB0BCA1AE8C77E0006906E /* Supporting Files */,
			);
			path = NearspeakKit;
			sourceTree = "<group>";
		};
		CDCB0BCA1AE8C77E0006906E /* Supporting Files */ = {
			isa = PBXGroup;
			children = (
				CDCB0BCB1AE8C77E0006906E /* Info.plist */,
			);
			name = "Supporting Files";
			sourceTree = "<group>";
		};
		CDCB0BD61AE8C77E0006906E /* NearspeakKitTests */ = {
			isa = PBXGroup;
			children = (
				CDCB0BD91AE8C77E0006906E /* NearspeakKitTests.swift */,
				CDCB0BD71AE8C77E0006906E /* Supporting Files */,
			);
			path = NearspeakKitTests;
			sourceTree = "<group>";
		};
		CDCB0BD71AE8C77E0006906E /* Supporting Files */ = {
			isa = PBXGroup;
			children = (
				CDCB0BD81AE8C77E0006906E /* Info.plist */,
			);
			name = "Supporting Files";
			sourceTree = "<group>";
		};
		CDEC2A9C1AE801780041ACA7 /* iBeacon */ = {
			isa = PBXGroup;
			children = (
				CDEC2A9D1AE801B00041ACA7 /* NSKBeaconManager.swift */,
			);
			name = iBeacon;
			sourceTree = "<group>";
		};
		CDEC2A9F1AE801C00041ACA7 /* API */ = {
			isa = PBXGroup;
			children = (
				CDEC2AA01AE801ED0041ACA7 /* DateParser.swift */,
				CDEC2AA11AE801ED0041ACA7 /* NSKApi.swift */,
				CDEC2AA21AE801ED0041ACA7 /* NSKApiParser.swift */,
				CDEC2AA31AE801EE0041ACA7 /* NSKApiUtils.swift */,
				CDEC2AA41AE801EE0041ACA7 /* NSKLinkedTag.swift */,
				CDEC2AA51AE801EE0041ACA7 /* NSKTag.swift */,
				CDEC2AA61AE801EE0041ACA7 /* NSKTagHardware.swift */,
			);
			name = API;
			sourceTree = "<group>";
		};
/* End PBXGroup section */

/* Begin PBXHeadersBuildPhase section */
		CDCB0BC51AE8C77E0006906E /* Headers */ = {
			isa = PBXHeadersBuildPhase;
			buildActionMask = 2147483647;
			files = (
				CDCB0BCD1AE8C77E0006906E /* NearspeakKit.h in Headers */,
			);
			runOnlyForDeploymentPostprocessing = 0;
		};
/* End PBXHeadersBuildPhase section */

/* Begin PBXNativeTarget section */
		CDCB0BA01AE8C6C70006906E /* NearspeakDemo */ = {
			isa = PBXNativeTarget;
			buildConfigurationList = CDCB0BBD1AE8C6C70006906E /* Build configuration list for PBXNativeTarget "NearspeakDemo" */;
			buildPhases = (
				CDCB0B9D1AE8C6C70006906E /* Sources */,
				CDCB0B9E1AE8C6C70006906E /* Frameworks */,
				CDCB0B9F1AE8C6C70006906E /* Resources */,
			);
			buildRules = (
			);
			dependencies = (
			);
			name = NearspeakDemo;
			productName = NearspeakDemo;
			productReference = CDCB0BA11AE8C6C70006906E /* NearspeakDemo.app */;
			productType = "com.apple.product-type.application";
		};
		CDCB0BC71AE8C77E0006906E /* NearspeakKit */ = {
			isa = PBXNativeTarget;
			buildConfigurationList = CDCB0BDB1AE8C77E0006906E /* Build configuration list for PBXNativeTarget "NearspeakKit" */;
			buildPhases = (
				CDCB0BC31AE8C77E0006906E /* Sources */,
				CDCB0BC41AE8C77E0006906E /* Frameworks */,
				CDCB0BC51AE8C77E0006906E /* Headers */,
				CDCB0BC61AE8C77E0006906E /* Resources */,
			);
			buildRules = (
			);
			dependencies = (
			);
			name = NearspeakKit;
			productName = NearspeakKit;
			productReference = CDCB0BC81AE8C77E0006906E /* NearspeakKit.framework */;
			productType = "com.apple.product-type.framework";
		};
		CDCB0BD11AE8C77E0006906E /* NearspeakKitTests */ = {
			isa = PBXNativeTarget;
			buildConfigurationList = CDCB0BDE1AE8C77E0006906E /* Build configuration list for PBXNativeTarget "NearspeakKitTests" */;
			buildPhases = (
				CDCB0BCE1AE8C77E0006906E /* Sources */,
				CDCB0BCF1AE8C77E0006906E /* Frameworks */,
				CDCB0BD01AE8C77E0006906E /* Resources */,
			);
			buildRules = (
			);
			dependencies = (
				CDCB0BD51AE8C77E0006906E /* PBXTargetDependency */,
			);
			name = NearspeakKitTests;
			productName = NearspeakKitTests;
			productReference = CDCB0BD21AE8C77E0006906E /* NearspeakKitTests.xctest */;
			productType = "com.apple.product-type.bundle.unit-test";
		};
/* End PBXNativeTarget section */

/* Begin PBXProject section */
		CDB05E791AE800DA008DA398 /* Project object */ = {
			isa = PBXProject;
			attributes = {
				LastUpgradeCheck = 0630;
				ORGANIZATIONNAME = Mopius;
				TargetAttributes = {
					CDCB0BA01AE8C6C70006906E = {
						CreatedOnToolsVersion = 6.3.1;
					};
					CDCB0BC71AE8C77E0006906E = {
						CreatedOnToolsVersion = 6.3.1;
					};
					CDCB0BD11AE8C77E0006906E = {
						CreatedOnToolsVersion = 6.3.1;
					};
				};
			};
			buildConfigurationList = CDB05E7C1AE800DA008DA398 /* Build configuration list for PBXProject "NearspeakKit" */;
			compatibilityVersion = "Xcode 3.2";
			developmentRegion = English;
			hasScannedForEncodings = 0;
			knownRegions = (
				en,
				Base,
			);
			mainGroup = CDB05E781AE800DA008DA398;
			productRefGroup = CDB05E821AE800DA008DA398 /* Products */;
			projectDirPath = "";
			projectRoot = "";
			targets = (
				CDCB0BC71AE8C77E0006906E /* NearspeakKit */,
				CDCB0BD11AE8C77E0006906E /* NearspeakKitTests */,
				CDCB0BA01AE8C6C70006906E /* NearspeakDemo */,
			);
		};
/* End PBXProject section */

/* Begin PBXResourcesBuildPhase section */
		CDCB0B9F1AE8C6C70006906E /* Resources */ = {
			isa = PBXResourcesBuildPhase;
			buildActionMask = 2147483647;
			files = (
				CDCB0BAB1AE8C6C70006906E /* Main.storyboard in Resources */,
				CDCB0BB01AE8C6C70006906E /* LaunchScreen.xib in Resources */,
				CDCB0BAD1AE8C6C70006906E /* Images.xcassets in Resources */,
			);
			runOnlyForDeploymentPostprocessing = 0;
		};
		CDCB0BC61AE8C77E0006906E /* Resources */ = {
			isa = PBXResourcesBuildPhase;
			buildActionMask = 2147483647;
			files = (
			);
			runOnlyForDeploymentPostprocessing = 0;
		};
		CDCB0BD01AE8C77E0006906E /* Resources */ = {
			isa = PBXResourcesBuildPhase;
			buildActionMask = 2147483647;
			files = (
			);
			runOnlyForDeploymentPostprocessing = 0;
		};
/* End PBXResourcesBuildPhase section */

/* Begin PBXSourcesBuildPhase section */
		CDCB0B9D1AE8C6C70006906E /* Sources */ = {
			isa = PBXSourcesBuildPhase;
			buildActionMask = 2147483647;
			files = (
				CDCB0BA81AE8C6C70006906E /* ViewController.swift in Sources */,
				CDCB0BA61AE8C6C70006906E /* AppDelegate.swift in Sources */,
			);
			runOnlyForDeploymentPostprocessing = 0;
		};
		CDCB0BC31AE8C77E0006906E /* Sources */ = {
			isa = PBXSourcesBuildPhase;
			buildActionMask = 2147483647;
			files = (
				CD4CFE171AE8CF6100328C95 /* NSKBeaconManager.swift in Sources */,
				CD4CFE121AE8CF5D00328C95 /* NSKApiParser.swift in Sources */,
				CD4CFE101AE8CF5D00328C95 /* DateParser.swift in Sources */,
				CD4CFE141AE8CF5D00328C95 /* NSKLinkedTag.swift in Sources */,
				CD4CFE161AE8CF5D00328C95 /* NSKTagHardware.swift in Sources */,
				CD4CFE111AE8CF5D00328C95 /* NSKApi.swift in Sources */,
				CD4CFE131AE8CF5D00328C95 /* NSKApiUtils.swift in Sources */,
				CD4CFE151AE8CF5D00328C95 /* NSKTag.swift in Sources */,
			);
			runOnlyForDeploymentPostprocessing = 0;
		};
		CDCB0BCE1AE8C77E0006906E /* Sources */ = {
			isa = PBXSourcesBuildPhase;
			buildActionMask = 2147483647;
			files = (
				CDCB0BDA1AE8C77E0006906E /* NearspeakKitTests.swift in Sources */,
			);
			runOnlyForDeploymentPostprocessing = 0;
		};
/* End PBXSourcesBuildPhase section */

/* Begin PBXTargetDependency section */
		CDCB0BD51AE8C77E0006906E /* PBXTargetDependency */ = {
			isa = PBXTargetDependency;
			target = CDCB0BC71AE8C77E0006906E /* NearspeakKit */;
			targetProxy = CDCB0BD41AE8C77E0006906E /* PBXContainerItemProxy */;
		};
/* End PBXTargetDependency section */

/* Begin PBXVariantGroup section */
		CDCB0BA91AE8C6C70006906E /* Main.storyboard */ = {
			isa = PBXVariantGroup;
			children = (
				CDCB0BAA1AE8C6C70006906E /* Base */,
			);
			name = Main.storyboard;
			sourceTree = "<group>";
		};
		CDCB0BAE1AE8C6C70006906E /* LaunchScreen.xib */ = {
			isa = PBXVariantGroup;
			children = (
				CDCB0BAF1AE8C6C70006906E /* Base */,
			);
			name = LaunchScreen.xib;
			sourceTree = "<group>";
		};
/* End PBXVariantGroup section */

/* Begin XCBuildConfiguration section */
		CDB05E9E1AE800DA008DA398 /* Debug */ = {
			isa = XCBuildConfiguration;
			buildSettings = {
				ALWAYS_SEARCH_USER_PATHS = NO;
				CLANG_CXX_LANGUAGE_STANDARD = "gnu++0x";
				CLANG_CXX_LIBRARY = "libc++";
				CLANG_ENABLE_MODULES = YES;
				CLANG_ENABLE_OBJC_ARC = YES;
				CLANG_WARN_BOOL_CONVERSION = YES;
				CLANG_WARN_CONSTANT_CONVERSION = YES;
				CLANG_WARN_DIRECT_OBJC_ISA_USAGE = YES_ERROR;
				CLANG_WARN_EMPTY_BODY = YES;
				CLANG_WARN_ENUM_CONVERSION = YES;
				CLANG_WARN_INT_CONVERSION = YES;
				CLANG_WARN_OBJC_ROOT_CLASS = YES_ERROR;
				CLANG_WARN_UNREACHABLE_CODE = YES;
				CLANG_WARN__DUPLICATE_METHOD_MATCH = YES;
				"CODE_SIGN_IDENTITY[sdk=iphoneos*]" = "iPhone Developer";
				COPY_PHASE_STRIP = NO;
				DEBUG_INFORMATION_FORMAT = "dwarf-with-dsym";
				ENABLE_STRICT_OBJC_MSGSEND = YES;
				GCC_C_LANGUAGE_STANDARD = gnu99;
				GCC_DYNAMIC_NO_PIC = NO;
				GCC_NO_COMMON_BLOCKS = YES;
				GCC_OPTIMIZATION_LEVEL = 0;
				GCC_PREPROCESSOR_DEFINITIONS = (
					"DEBUG=1",
					"$(inherited)",
				);
				GCC_SYMBOLS_PRIVATE_EXTERN = NO;
				GCC_WARN_64_TO_32_BIT_CONVERSION = YES;
				GCC_WARN_ABOUT_RETURN_TYPE = YES_ERROR;
				GCC_WARN_UNDECLARED_SELECTOR = YES;
				GCC_WARN_UNINITIALIZED_AUTOS = YES_AGGRESSIVE;
				GCC_WARN_UNUSED_FUNCTION = YES;
				GCC_WARN_UNUSED_VARIABLE = YES;
				IPHONEOS_DEPLOYMENT_TARGET = 8.3;
				MTL_ENABLE_DEBUG_INFO = YES;
				ONLY_ACTIVE_ARCH = YES;
				SDKROOT = iphoneos;
				SWIFT_OPTIMIZATION_LEVEL = "-Onone";
				TARGETED_DEVICE_FAMILY = "1,2";
			};
			name = Debug;
		};
		CDB05E9F1AE800DA008DA398 /* Release */ = {
			isa = XCBuildConfiguration;
			buildSettings = {
				ALWAYS_SEARCH_USER_PATHS = NO;
				CLANG_CXX_LANGUAGE_STANDARD = "gnu++0x";
				CLANG_CXX_LIBRARY = "libc++";
				CLANG_ENABLE_MODULES = YES;
				CLANG_ENABLE_OBJC_ARC = YES;
				CLANG_WARN_BOOL_CONVERSION = YES;
				CLANG_WARN_CONSTANT_CONVERSION = YES;
				CLANG_WARN_DIRECT_OBJC_ISA_USAGE = YES_ERROR;
				CLANG_WARN_EMPTY_BODY = YES;
				CLANG_WARN_ENUM_CONVERSION = YES;
				CLANG_WARN_INT_CONVERSION = YES;
				CLANG_WARN_OBJC_ROOT_CLASS = YES_ERROR;
				CLANG_WARN_UNREACHABLE_CODE = YES;
				CLANG_WARN__DUPLICATE_METHOD_MATCH = YES;
				"CODE_SIGN_IDENTITY[sdk=iphoneos*]" = "iPhone Developer";
				COPY_PHASE_STRIP = NO;
				DEBUG_INFORMATION_FORMAT = "dwarf-with-dsym";
				ENABLE_NS_ASSERTIONS = NO;
				ENABLE_STRICT_OBJC_MSGSEND = YES;
				GCC_C_LANGUAGE_STANDARD = gnu99;
				GCC_NO_COMMON_BLOCKS = YES;
				GCC_WARN_64_TO_32_BIT_CONVERSION = YES;
				GCC_WARN_ABOUT_RETURN_TYPE = YES_ERROR;
				GCC_WARN_UNDECLARED_SELECTOR = YES;
				GCC_WARN_UNINITIALIZED_AUTOS = YES_AGGRESSIVE;
				GCC_WARN_UNUSED_FUNCTION = YES;
				GCC_WARN_UNUSED_VARIABLE = YES;
				IPHONEOS_DEPLOYMENT_TARGET = 8.3;
				MTL_ENABLE_DEBUG_INFO = NO;
				SDKROOT = iphoneos;
				TARGETED_DEVICE_FAMILY = "1,2";
				VALIDATE_PRODUCT = YES;
			};
			name = Release;
		};
		CDCB0BBE1AE8C6C70006906E /* Debug */ = {
			isa = XCBuildConfiguration;
			buildSettings = {
				ASSETCATALOG_COMPILER_APPICON_NAME = AppIcon;
				GCC_PREPROCESSOR_DEFINITIONS = (
					"DEBUG=1",
					"$(inherited)",
				);
				INFOPLIST_FILE = NearspeakDemo/Info.plist;
				LD_RUNPATH_SEARCH_PATHS = "$(inherited) @executable_path/Frameworks";
				PRODUCT_NAME = "$(TARGET_NAME)";
			};
			name = Debug;
		};
		CDCB0BBF1AE8C6C70006906E /* Release */ = {
			isa = XCBuildConfiguration;
			buildSettings = {
				ASSETCATALOG_COMPILER_APPICON_NAME = AppIcon;
				INFOPLIST_FILE = NearspeakDemo/Info.plist;
				LD_RUNPATH_SEARCH_PATHS = "$(inherited) @executable_path/Frameworks";
				PRODUCT_NAME = "$(TARGET_NAME)";
			};
			name = Release;
		};
		CDCB0BDC1AE8C77E0006906E /* Debug */ = {
			isa = XCBuildConfiguration;
			buildSettings = {
				CURRENT_PROJECT_VERSION = 1;
				DEFINES_MODULE = YES;
				DYLIB_COMPATIBILITY_VERSION = 1;
				DYLIB_CURRENT_VERSION = 1;
				DYLIB_INSTALL_NAME_BASE = "@rpath";
				FRAMEWORK_SEARCH_PATHS = (
					"$(inherited)",
					"$(PROJECT_DIR)/build/Debug-iphoneos/Pods",
				);
				GCC_PREPROCESSOR_DEFINITIONS = "$(inherited)";
				INFOPLIST_FILE = NearspeakKit/Info.plist;
				INSTALL_PATH = "$(LOCAL_LIBRARY_DIR)/Frameworks";
				LD_RUNPATH_SEARCH_PATHS = "$(inherited) @executable_path/Frameworks @loader_path/Frameworks";
				PRODUCT_NAME = "$(TARGET_NAME)";
				SKIP_INSTALL = YES;
				VERSIONING_SYSTEM = "apple-generic";
				VERSION_INFO_PREFIX = "";
			};
			name = Debug;
		};
		CDCB0BDD1AE8C77E0006906E /* Release */ = {
			isa = XCBuildConfiguration;
			buildSettings = {
				CURRENT_PROJECT_VERSION = 1;
				DEFINES_MODULE = YES;
				DYLIB_COMPATIBILITY_VERSION = 1;
				DYLIB_CURRENT_VERSION = 1;
				DYLIB_INSTALL_NAME_BASE = "@rpath";
				FRAMEWORK_SEARCH_PATHS = (
					"$(inherited)",
					"$(PROJECT_DIR)/build/Debug-iphoneos/Pods",
				);
				INFOPLIST_FILE = NearspeakKit/Info.plist;
				INSTALL_PATH = "$(LOCAL_LIBRARY_DIR)/Frameworks";
				LD_RUNPATH_SEARCH_PATHS = "$(inherited) @executable_path/Frameworks @loader_path/Frameworks";
				PRODUCT_NAME = "$(TARGET_NAME)";
				SKIP_INSTALL = YES;
				VERSIONING_SYSTEM = "apple-generic";
				VERSION_INFO_PREFIX = "";
			};
			name = Release;
		};
		CDCB0BDF1AE8C77E0006906E /* Debug */ = {
			isa = XCBuildConfiguration;
			buildSettings = {
				FRAMEWORK_SEARCH_PATHS = (
					"$(SDKROOT)/Developer/Library/Frameworks",
					"$(inherited)",
				);
				GCC_PREPROCESSOR_DEFINITIONS = (
					"DEBUG=1",
					"$(inherited)",
				);
				INFOPLIST_FILE = NearspeakKitTests/Info.plist;
				LD_RUNPATH_SEARCH_PATHS = "$(inherited) @executable_path/Frameworks @loader_path/Frameworks";
				PRODUCT_NAME = "$(TARGET_NAME)";
			};
			name = Debug;
		};
		CDCB0BE01AE8C77E0006906E /* Release */ = {
			isa = XCBuildConfiguration;
			buildSettings = {
				FRAMEWORK_SEARCH_PATHS = (
					"$(SDKROOT)/Developer/Library/Frameworks",
					"$(inherited)",
				);
				INFOPLIST_FILE = NearspeakKitTests/Info.plist;
				LD_RUNPATH_SEARCH_PATHS = "$(inherited) @executable_path/Frameworks @loader_path/Frameworks";
				PRODUCT_NAME = "$(TARGET_NAME)";
			};
			name = Release;
		};
/* End XCBuildConfiguration section */

/* Begin XCConfigurationList section */
		CDB05E7C1AE800DA008DA398 /* Build configuration list for PBXProject "NearspeakKit" */ = {
			isa = XCConfigurationList;
			buildConfigurations = (
				CDB05E9E1AE800DA008DA398 /* Debug */,
				CDB05E9F1AE800DA008DA398 /* Release */,
			);
			defaultConfigurationIsVisible = 0;
			defaultConfigurationName = Release;
		};
		CDCB0BBD1AE8C6C70006906E /* Build configuration list for PBXNativeTarget "NearspeakDemo" */ = {
			isa = XCConfigurationList;
			buildConfigurations = (
				CDCB0BBE1AE8C6C70006906E /* Debug */,
				CDCB0BBF1AE8C6C70006906E /* Release */,
			);
			defaultConfigurationIsVisible = 0;
			defaultConfigurationName = Release;
		};
		CDCB0BDB1AE8C77E0006906E /* Build configuration list for PBXNativeTarget "NearspeakKit" */ = {
			isa = XCConfigurationList;
			buildConfigurations = (
				CDCB0BDC1AE8C77E0006906E /* Debug */,
				CDCB0BDD1AE8C77E0006906E /* Release */,
			);
			defaultConfigurationIsVisible = 0;
			defaultConfigurationName = Release;
		};
		CDCB0BDE1AE8C77E0006906E /* Build configuration list for PBXNativeTarget "NearspeakKitTests" */ = {
			isa = XCConfigurationList;
			buildConfigurations = (
				CDCB0BDF1AE8C77E0006906E /* Debug */,
				CDCB0BE01AE8C77E0006906E /* Release */,
			);
			defaultConfigurationIsVisible = 0;
			defaultConfigurationName = Release;
		};
/* End XCConfigurationList section */
	};
	rootObject = CDB05E791AE800DA008DA398 /* Project object */;
}
